
Microsoft Visual Studio Solution File, Format Version 12.00
# Visual Studio 2013
VisualStudioVersion = 12.0.30501.0
MinimumVisualStudioVersion = 10.0.40219.1
Project("{FAE04EC0-301F-11D3-BF4B-00C04F79EFBC}") = "ObscurCore.Tests", "ObscurCore.Tests\ObscurCore.Tests.csproj", "{1BDFEC0A-A28F-4FE2-9B29-AE25ED1AAD5B}"
EndProject
Project("{FAE04EC0-301F-11D3-BF4B-00C04F79EFBC}") = "ObscurCore", "ObscurCore\ObscurCore.csproj", "{E05A0E93-926A-409D-ABD3-B2A495D14533}"
EndProject
Project("{FAE04EC0-301F-11D3-BF4B-00C04F79EFBC}") = "ObscurCore.DTO", "ObscurCore.DTO\ObscurCore.DTO.csproj", "{FB25CBE4-2B49-4C7E-89CD-EF20B2493591}"
EndProject
Global
	GlobalSection(SolutionConfigurationPlatforms) = preSolution
		Debug|Any CPU = Debug|Any CPU
		Release|Any CPU = Release|Any CPU
		ReleaseWithUnsafe|Any CPU = ReleaseWithUnsafe|Any CPU
	EndGlobalSection
	GlobalSection(ProjectConfigurationPlatforms) = postSolution
		{1BDFEC0A-A28F-4FE2-9B29-AE25ED1AAD5B}.Debug|Any CPU.ActiveCfg = Debug|Any CPU
		{1BDFEC0A-A28F-4FE2-9B29-AE25ED1AAD5B}.Debug|Any CPU.Build.0 = Debug|Any CPU
		{1BDFEC0A-A28F-4FE2-9B29-AE25ED1AAD5B}.Release|Any CPU.ActiveCfg = Release|Any CPU
		{1BDFEC0A-A28F-4FE2-9B29-AE25ED1AAD5B}.Release|Any CPU.Build.0 = Release|Any CPU
		{1BDFEC0A-A28F-4FE2-9B29-AE25ED1AAD5B}.ReleaseWithUnsafe|Any CPU.ActiveCfg = ReleaseWithUnsafe|Any CPU
		{1BDFEC0A-A28F-4FE2-9B29-AE25ED1AAD5B}.ReleaseWithUnsafe|Any CPU.Build.0 = ReleaseWithUnsafe|Any CPU
		{E05A0E93-926A-409D-ABD3-B2A495D14533}.Debug|Any CPU.ActiveCfg = Debug|Any CPU
		{E05A0E93-926A-409D-ABD3-B2A495D14533}.Debug|Any CPU.Build.0 = Debug|Any CPU
		{E05A0E93-926A-409D-ABD3-B2A495D14533}.Release|Any CPU.ActiveCfg = Release|Any CPU
		{E05A0E93-926A-409D-ABD3-B2A495D14533}.Release|Any CPU.Build.0 = Release|Any CPU
		{E05A0E93-926A-409D-ABD3-B2A495D14533}.ReleaseWithUnsafe|Any CPU.ActiveCfg = ReleaseWithUnsafe|Any CPU
		{E05A0E93-926A-409D-ABD3-B2A495D14533}.ReleaseWithUnsafe|Any CPU.Build.0 = ReleaseWithUnsafe|Any CPU
		{FB25CBE4-2B49-4C7E-89CD-EF20B2493591}.Debug|Any CPU.ActiveCfg = Debug|Any CPU
		{FB25CBE4-2B49-4C7E-89CD-EF20B2493591}.Debug|Any CPU.Build.0 = Debug|Any CPU
		{FB25CBE4-2B49-4C7E-89CD-EF20B2493591}.Release|Any CPU.ActiveCfg = Release|Any CPU
		{FB25CBE4-2B49-4C7E-89CD-EF20B2493591}.Release|Any CPU.Build.0 = Release|Any CPU
		{FB25CBE4-2B49-4C7E-89CD-EF20B2493591}.ReleaseWithUnsafe|Any CPU.ActiveCfg = ReleaseWithUnsafe|Any CPU
		{FB25CBE4-2B49-4C7E-89CD-EF20B2493591}.ReleaseWithUnsafe|Any CPU.Build.0 = ReleaseWithUnsafe|Any CPU
	EndGlobalSection
	GlobalSection(SolutionProperties) = preSolution
		HideSolutionNode = FALSE
	EndGlobalSection
	GlobalSection(MonoDevelopProperties) = preSolution
		StartupItem = ObscurCore.Tests\ObscurCore.Tests.csproj
		Policies = $0
		$0.StandardHeader = $1
		$1.Text = @\n Copyright ${Year}  ${CopyrightHolder}\n\n   Licensed under the Apache License, Version 2.0 (the "License");\n   you may not use this file except in compliance with the License.\n   You may obtain a copy of the License at\n\n       http://www.apache.org/licenses/LICENSE-2.0\n\n   Unless required by applicable law or agreed to in writing, software\n   distributed under the License is distributed on an "AS IS" BASIS,\n   WITHOUT WARRANTIES OR CONDITIONS OF ANY KIND, either express or implied.\n   See the License for the specific language governing permissions and\n   limitations under the License.
		$1.IncludeInNewFiles = True
		$0.NameConventionPolicy = $2
		$2.Rules = $3
		$3.NamingRule = $4
		$4.AffectedEntity = None
		$4.VisibilityMask = VisibilityMask
		$4.NamingStyle = None
		$4.IncludeInstanceMembers = True
		$4.IncludeStaticEntities = True
		$0.DotNetNamingPolicy = $5
		$5.DirectoryNamespaceAssociation = PrefixedHierarchical
		$5.ResourceNamePolicy = FileFormatDefault
		version = 0.8
	EndGlobalSection
EndGlobal
